NeoBundleLock char-counter-vim 69fed2ebec138eb1ddbca8f607667923ed0e721f
NeoBundleLock neobundle.vim 1306c131ff0a6cc094b7ff0727350e442b5427f1
NeoBundleLock neocomplcache.vim 778181767467b8f8016828898779a646074d883a
NeoBundleLock neosnippet 3d3362622ef10deedaea8e026054064bf62aeb33
NeoBundleLock neosnippet-snippets 38024eceb05df57c1a3dbf64079f1120f51deb3c
NeoBundleLock tcomment_vim 2d50322f11353dcc72c47ef1ce1e03d84fd46a70
NeoBundleLock unite.vim e1d3bb9f836a8645807b790345b69666bf22bb2f
NeoBundleLock vim-auto-save 1685175183d160879ebcf231cd4c96b1b8a5a5c9
NeoBundleLock vim-easymotion 85e90c9759e14633d878ed534ef313876ab96555
NeoBundleLock vim-quickrun ed236e0e3fa9d4c5c286581ee68b6fa7d976674b
NeoBundleLock vimproc eb5b2b1248ccc8b1b9e84d7658508e38b964d17d
NeoBundleLock vimshell 03bf7673a5098918a533000d67dca97546695237
