NeoBundleLock neobundle.vim 26d03781886ed887e390d4ad8b935987754b1c2c
NeoBundleLock neocomplcache 778181767467b8f8016828898779a646074d883a
NeoBundleLock neosnippet 9ee1b4e059d4ffcc02312da13ee36315dacbffe4
NeoBundleLock neosnippet-snippets 8dbb78599984140c50418d3dd23d0de4c8f13e74
NeoBundleLock unite.vim 49fe0efad7a838a5bec9e653fb80504c94744ff9
NeoBundleLock vim-easymotion 342549e7a1e5b07a030803e0e4b6f0415aa51275
