NeoBundleLock char-counter-vim 69fed2ebec138eb1ddbca8f607667923ed0e721f
NeoBundleLock matlab-vim d11e183b98a1018521373ad68a8120f4c27fdc59
NeoBundleLock neobundle.vim 1306c131ff0a6cc094b7ff0727350e442b5427f1
NeoBundleLock neocomplcache.vim 778181767467b8f8016828898779a646074d883a
NeoBundleLock neosnippet 5673f584c06431978a17609865f2adcf5e934be3
NeoBundleLock neosnippet-snippets 7e300f1b986f46b217c26906ca4ee88629f18610
NeoBundleLock tcomment_vim 239c0c08d3e691a2c447278b88de91b602fa50bd
NeoBundleLock unite.vim 5addeca429f64130d74d2f7cb8255afdb9e309d2
NeoBundleLock vim-auto-save 1685175183d160879ebcf231cd4c96b1b8a5a5c9
NeoBundleLock vim-easymotion d534ba0d0c211d8228408c88fa3ebde13fecec37
NeoBundleLock vim-fugitive 6bc345f6f16aee0dcc361f2f3bf80e4964f461af
NeoBundleLock vim-quickrun 4967eafcaf5bd09e4e008d4ce46f75d38fdfb8e4
NeoBundleLock vimproc 7425059fe2d9689f8560f1a47590677740669fdd
NeoBundleLock vimshell ee683538f57aaf5094db9860f67f4957a763ffb4
